// !$*UTF8*$!
{
	archiveVersion = 1;
	classes = {
	};
	objectVersion = 52;
	objects = {

/* Begin PBXBuildFile section */
		2B0795AB23B945D500D90B4B /* URLImage in Frameworks */ = {isa = PBXBuildFile; productRef = 2B0795AA23B945D500D90B4B /* URLImage */; };
		2B0D459323AA70F3009EE438 /* Character.swift in Sources */ = {isa = PBXBuildFile; fileRef = 2B0D459223AA70F3009EE438 /* Character.swift */; };
		2B0D459523AA7103009EE438 /* Occupation.swift in Sources */ = {isa = PBXBuildFile; fileRef = 2B0D459423AA7103009EE438 /* Occupation.swift */; };
		2B0D459723AA710E009EE438 /* Actor.swift in Sources */ = {isa = PBXBuildFile; fileRef = 2B0D459623AA710E009EE438 /* Actor.swift */; };
		2B0D45A223AA75C2009EE438 /* Mapped.swift in Sources */ = {isa = PBXBuildFile; fileRef = 2B0D45A123AA75C2009EE438 /* Mapped.swift */; };
		2B0D45A423AA76FB009EE438 /* JSONMappingProtocol.swift in Sources */ = {isa = PBXBuildFile; fileRef = 2B0D45A323AA76FB009EE438 /* JSONMappingProtocol.swift */; };
		2B0D45E523AA7E2C009EE438 /* Nimble.framework in Frameworks */ = {isa = PBXBuildFile; fileRef = 2B0D45DD23AA7DFE009EE438 /* Nimble.framework */; platformFilter = ios; };
		2B0D45E623AA7E32009EE438 /* Quick.framework in Frameworks */ = {isa = PBXBuildFile; fileRef = 2B0D45BF23AA7DEE009EE438 /* Quick.framework */; platformFilter = ios; };
		2B0D45E923AA7E75009EE438 /* CharacterTests.swift in Sources */ = {isa = PBXBuildFile; fileRef = 2B0D45E823AA7E75009EE438 /* CharacterTests.swift */; platformFilter = ios; };
		2B13FB1823B2615400865A3A /* badPayload.json in Resources */ = {isa = PBXBuildFile; fileRef = 2B13FB1723B2615400865A3A /* badPayload.json */; };
		2B13FB3123B2811200865A3A /* CharacterPersistanceTests.swift in Sources */ = {isa = PBXBuildFile; fileRef = 2B13FB3023B2811200865A3A /* CharacterPersistanceTests.swift */; };
		2B3C934123B7D1D500E26450 /* ListViewModel.swift in Sources */ = {isa = PBXBuildFile; fileRef = 2B3C934023B7D1D500E26450 /* ListViewModel.swift */; };
		2B98B26723AB8FC60010E7E1 /* CharacterMapper.swift in Sources */ = {isa = PBXBuildFile; fileRef = 2B98B26623AB8FC60010E7E1 /* CharacterMapper.swift */; };
		2B98B29523ACD1FD0010E7E1 /* Appearance.swift in Sources */ = {isa = PBXBuildFile; fileRef = 2B98B29423ACD1FD0010E7E1 /* Appearance.swift */; };
		2B98B29723ACD2130010E7E1 /* Episode.swift in Sources */ = {isa = PBXBuildFile; fileRef = 2B98B29623ACD2130010E7E1 /* Episode.swift */; };
		2B98B29923ACD21E0010E7E1 /* Show.swift in Sources */ = {isa = PBXBuildFile; fileRef = 2B98B29823ACD21E0010E7E1 /* Show.swift */; };
		2B98B29B23ACD22F0010E7E1 /* Season.swift in Sources */ = {isa = PBXBuildFile; fileRef = 2B98B29A23ACD22F0010E7E1 /* Season.swift */; };
		2B98B29D23AD3CE80010E7E1 /* fullPayload.json in Resources */ = {isa = PBXBuildFile; fileRef = 2B98B29C23AD3CE80010E7E1 /* fullPayload.json */; };
		2B98B2A023AD40090010E7E1 /* TestSuiteHelpers.swift in Sources */ = {isa = PBXBuildFile; fileRef = 2B98B29F23AD40090010E7E1 /* TestSuiteHelpers.swift */; };
		2B98B2B923B7848F0010E7E1 /* ScreenFilterPredicateTests.swift in Sources */ = {isa = PBXBuildFile; fileRef = 2B98B2B823B7848F0010E7E1 /* ScreenFilterPredicateTests.swift */; };
		2B98B2BD23B7953A0010E7E1 /* Appearing.swift in Sources */ = {isa = PBXBuildFile; fileRef = 2B98B2BC23B7953A0010E7E1 /* Appearing.swift */; };
		2B98B2C723B7AB7A0010E7E1 /* CharacterViewModelTests.swift in Sources */ = {isa = PBXBuildFile; fileRef = 2B98B2C623B7AB7A0010E7E1 /* CharacterViewModelTests.swift */; };
		2B98B2DF23B8F8070010E7E1 /* CharacterListViewModel.swift in Sources */ = {isa = PBXBuildFile; fileRef = 2B98B2DE23B8F8070010E7E1 /* CharacterListViewModel.swift */; };
		2BF5BAC023A507910040ACA7 /* AppDelegate.swift in Sources */ = {isa = PBXBuildFile; fileRef = 2BF5BABF23A507910040ACA7 /* AppDelegate.swift */; };
		2BF5BAC223A507910040ACA7 /* SceneDelegate.swift in Sources */ = {isa = PBXBuildFile; fileRef = 2BF5BAC123A507910040ACA7 /* SceneDelegate.swift */; };
		2BF5BAC423A507910040ACA7 /* ContentView.swift in Sources */ = {isa = PBXBuildFile; fileRef = 2BF5BAC323A507910040ACA7 /* ContentView.swift */; };
		2BF5BAC623A507930040ACA7 /* Assets.xcassets in Resources */ = {isa = PBXBuildFile; fileRef = 2BF5BAC523A507930040ACA7 /* Assets.xcassets */; };
		2BF5BAC923A507930040ACA7 /* Preview Assets.xcassets in Resources */ = {isa = PBXBuildFile; fileRef = 2BF5BAC823A507930040ACA7 /* Preview Assets.xcassets */; };
		2BF5BACC23A507930040ACA7 /* LaunchScreen.storyboard in Resources */ = {isa = PBXBuildFile; fileRef = 2BF5BACA23A507930040ACA7 /* LaunchScreen.storyboard */; };
		2BF5BAD723A507940040ACA7 /* BBFicationTests.swift in Sources */ = {isa = PBXBuildFile; fileRef = 2BF5BAD623A507940040ACA7 /* BBFicationTests.swift */; platformFilter = ios; };
		2BF5BAE323AA32570040ACA7 /* BBModel.xcdatamodeld in Sources */ = {isa = PBXBuildFile; fileRef = 2BF5BAE123AA32570040ACA7 /* BBModel.xcdatamodeld */; };
		2BF5BAE723AA383B0040ACA7 /* SessionProtocols.swift in Sources */ = {isa = PBXBuildFile; fileRef = 2BF5BAE623AA383B0040ACA7 /* SessionProtocols.swift */; };
		2BF5BAE923AA3B1E0040ACA7 /* DataManager.swift in Sources */ = {isa = PBXBuildFile; fileRef = 2BF5BAE823AA3B1E0040ACA7 /* DataManager.swift */; };
		2BF5BAEC23AA3BC10040ACA7 /* Managed.swift in Sources */ = {isa = PBXBuildFile; fileRef = 2BF5BAEB23AA3BC10040ACA7 /* Managed.swift */; };
		2BF5BAEE23AA3BF10040ACA7 /* PersistenceManager.swift in Sources */ = {isa = PBXBuildFile; fileRef = 2BF5BAED23AA3BF10040ACA7 /* PersistenceManager.swift */; };
		2BF5BAF023AA3C550040ACA7 /* PersistenceHelper.swift in Sources */ = {isa = PBXBuildFile; fileRef = 2BF5BAEF23AA3C550040ACA7 /* PersistenceHelper.swift */; };
/* End PBXBuildFile section */

/* Begin PBXContainerItemProxy section */
		2B0D45B623AA7DEE009EE438 /* PBXContainerItemProxy */ = {
			isa = PBXContainerItemProxy;
			containerPortal = 2B0D45A623AA7DEE009EE438 /* Quick.xcodeproj */;
			proxyType = 2;
			remoteGlobalIDString = DAEB6B8E1943873100289F44;
			remoteInfo = "Quick-macOS";
		};
		2B0D45B823AA7DEE009EE438 /* PBXContainerItemProxy */ = {
			isa = PBXContainerItemProxy;
			containerPortal = 2B0D45A623AA7DEE009EE438 /* Quick.xcodeproj */;
			proxyType = 2;
			remoteGlobalIDString = DAEB6B991943873100289F44;
			remoteInfo = "Quick - macOSTests";
		};
		2B0D45BA23AA7DEE009EE438 /* PBXContainerItemProxy */ = {
			isa = PBXContainerItemProxy;
			containerPortal = 2B0D45A623AA7DEE009EE438 /* Quick.xcodeproj */;
			proxyType = 2;
			remoteGlobalIDString = DA5663E81A4C8D8500193C88;
			remoteInfo = "QuickFocused - macOSTests";
		};
		2B0D45BC23AA7DEE009EE438 /* PBXContainerItemProxy */ = {
			isa = PBXContainerItemProxy;
			containerPortal = 2B0D45A623AA7DEE009EE438 /* Quick.xcodeproj */;
			proxyType = 2;
			remoteGlobalIDString = 64076CF51D6D7C2000E2B499;
			remoteInfo = "QuickAfterSuite - macOSTests";
		};
		2B0D45BE23AA7DEE009EE438 /* PBXContainerItemProxy */ = {
			isa = PBXContainerItemProxy;
			containerPortal = 2B0D45A623AA7DEE009EE438 /* Quick.xcodeproj */;
			proxyType = 2;
			remoteGlobalIDString = 5A5D117C19473F2100F6D13D;
			remoteInfo = "Quick-iOS";
		};
		2B0D45C023AA7DEE009EE438 /* PBXContainerItemProxy */ = {
			isa = PBXContainerItemProxy;
			containerPortal = 2B0D45A623AA7DEE009EE438 /* Quick.xcodeproj */;
			proxyType = 2;
			remoteGlobalIDString = 5A5D118619473F2100F6D13D;
			remoteInfo = "Quick - iOSTests";
		};
		2B0D45C223AA7DEE009EE438 /* PBXContainerItemProxy */ = {
			isa = PBXContainerItemProxy;
			containerPortal = 2B0D45A623AA7DEE009EE438 /* Quick.xcodeproj */;
			proxyType = 2;
			remoteGlobalIDString = DA9876B21A4C70EB0004AA17;
			remoteInfo = "QuickFocused - iOSTests";
		};
		2B0D45C423AA7DEE009EE438 /* PBXContainerItemProxy */ = {
			isa = PBXContainerItemProxy;
			containerPortal = 2B0D45A623AA7DEE009EE438 /* Quick.xcodeproj */;
			proxyType = 2;
			remoteGlobalIDString = 64076D081D6D7CD600E2B499;
			remoteInfo = "QuickAfterSuite - iOSTests";
		};
		2B0D45C623AA7DEE009EE438 /* PBXContainerItemProxy */ = {
			isa = PBXContainerItemProxy;
			containerPortal = 2B0D45A623AA7DEE009EE438 /* Quick.xcodeproj */;
			proxyType = 2;
			remoteGlobalIDString = 1F118CD51BDCA4AB005013A2;
			remoteInfo = "Quick-tvOS";
		};
		2B0D45C823AA7DEE009EE438 /* PBXContainerItemProxy */ = {
			isa = PBXContainerItemProxy;
			containerPortal = 2B0D45A623AA7DEE009EE438 /* Quick.xcodeproj */;
			proxyType = 2;
			remoteGlobalIDString = 1F118CDE1BDCA4AB005013A2;
			remoteInfo = "Quick - tvOSTests";
		};
		2B0D45CA23AA7DEE009EE438 /* PBXContainerItemProxy */ = {
			isa = PBXContainerItemProxy;
			containerPortal = 2B0D45A623AA7DEE009EE438 /* Quick.xcodeproj */;
			proxyType = 2;
			remoteGlobalIDString = 1F118CF01BDCA4BB005013A2;
			remoteInfo = "QuickFocused - tvOSTests";
		};
		2B0D45CC23AA7DEE009EE438 /* PBXContainerItemProxy */ = {
			isa = PBXContainerItemProxy;
			containerPortal = 2B0D45A623AA7DEE009EE438 /* Quick.xcodeproj */;
			proxyType = 2;
			remoteGlobalIDString = 64076D1A1D6D7CEA00E2B499;
			remoteInfo = "QuickAfterSuite - tvOSTests";
		};
		2B0D45D823AA7DFE009EE438 /* PBXContainerItemProxy */ = {
			isa = PBXContainerItemProxy;
			containerPortal = 2B0D45CE23AA7DFD009EE438 /* Nimble.xcodeproj */;
			proxyType = 2;
			remoteGlobalIDString = 1F925EAD195C0D6300ED456B;
			remoteInfo = "Nimble-macOS";
		};
		2B0D45DA23AA7DFE009EE438 /* PBXContainerItemProxy */ = {
			isa = PBXContainerItemProxy;
			containerPortal = 2B0D45CE23AA7DFD009EE438 /* Nimble.xcodeproj */;
			proxyType = 2;
			remoteGlobalIDString = 1F925EB7195C0D6300ED456B;
			remoteInfo = "Nimble-macOSTests";
		};
		2B0D45DC23AA7DFE009EE438 /* PBXContainerItemProxy */ = {
			isa = PBXContainerItemProxy;
			containerPortal = 2B0D45CE23AA7DFD009EE438 /* Nimble.xcodeproj */;
			proxyType = 2;
			remoteGlobalIDString = 1F1A74291940169200FFFC47;
			remoteInfo = "Nimble-iOS";
		};
		2B0D45DE23AA7DFE009EE438 /* PBXContainerItemProxy */ = {
			isa = PBXContainerItemProxy;
			containerPortal = 2B0D45CE23AA7DFD009EE438 /* Nimble.xcodeproj */;
			proxyType = 2;
			remoteGlobalIDString = 1F1A74341940169200FFFC47;
			remoteInfo = "Nimble-iOSTests";
		};
		2B0D45E023AA7DFE009EE438 /* PBXContainerItemProxy */ = {
			isa = PBXContainerItemProxy;
			containerPortal = 2B0D45CE23AA7DFD009EE438 /* Nimble.xcodeproj */;
			proxyType = 2;
			remoteGlobalIDString = 1F5DF1551BDCA0CE00C3A531;
			remoteInfo = "Nimble-tvOS";
		};
		2B0D45E223AA7DFE009EE438 /* PBXContainerItemProxy */ = {
			isa = PBXContainerItemProxy;
			containerPortal = 2B0D45CE23AA7DFD009EE438 /* Nimble.xcodeproj */;
			proxyType = 2;
			remoteGlobalIDString = 1F5DF15E1BDCA0CE00C3A531;
			remoteInfo = "Nimble-tvOSTests";
		};
		2BF5BAD323A507940040ACA7 /* PBXContainerItemProxy */ = {
			isa = PBXContainerItemProxy;
			containerPortal = 2BF5BAB423A507910040ACA7 /* Project object */;
			proxyType = 1;
			remoteGlobalIDString = 2BF5BABB23A507910040ACA7;
			remoteInfo = BBFication;
		};
/* End PBXContainerItemProxy section */

/* Begin PBXFileReference section */
		2B0D459223AA70F3009EE438 /* Character.swift */ = {isa = PBXFileReference; lastKnownFileType = sourcecode.swift; path = Character.swift; sourceTree = "<group>"; };
		2B0D459423AA7103009EE438 /* Occupation.swift */ = {isa = PBXFileReference; lastKnownFileType = sourcecode.swift; path = Occupation.swift; sourceTree = "<group>"; };
		2B0D459623AA710E009EE438 /* Actor.swift */ = {isa = PBXFileReference; lastKnownFileType = sourcecode.swift; path = Actor.swift; sourceTree = "<group>"; };
		2B0D45A123AA75C2009EE438 /* Mapped.swift */ = {isa = PBXFileReference; lastKnownFileType = sourcecode.swift; path = Mapped.swift; sourceTree = "<group>"; };
		2B0D45A323AA76FB009EE438 /* JSONMappingProtocol.swift */ = {isa = PBXFileReference; lastKnownFileType = sourcecode.swift; path = JSONMappingProtocol.swift; sourceTree = "<group>"; };
		2B0D45A623AA7DEE009EE438 /* Quick.xcodeproj */ = {isa = PBXFileReference; lastKnownFileType = "wrapper.pb-project"; name = Quick.xcodeproj; path = Vendor/Quick/Quick.xcodeproj; sourceTree = "<group>"; };
		2B0D45CE23AA7DFD009EE438 /* Nimble.xcodeproj */ = {isa = PBXFileReference; lastKnownFileType = "wrapper.pb-project"; name = Nimble.xcodeproj; path = Vendor/Nimble/Nimble.xcodeproj; sourceTree = "<group>"; };
		2B0D45E823AA7E75009EE438 /* CharacterTests.swift */ = {isa = PBXFileReference; lastKnownFileType = sourcecode.swift; path = CharacterTests.swift; sourceTree = "<group>"; };
		2B0D45EB23AA894D009EE438 /* README.md */ = {isa = PBXFileReference; lastKnownFileType = net.daringfireball.markdown; path = README.md; sourceTree = "<group>"; };
		2B13FB1723B2615400865A3A /* badPayload.json */ = {isa = PBXFileReference; lastKnownFileType = text.json; path = badPayload.json; sourceTree = "<group>"; };
		2B13FB3023B2811200865A3A /* CharacterPersistanceTests.swift */ = {isa = PBXFileReference; lastKnownFileType = sourcecode.swift; path = CharacterPersistanceTests.swift; sourceTree = "<group>"; };
		2B3C934023B7D1D500E26450 /* ListViewModel.swift */ = {isa = PBXFileReference; lastKnownFileType = sourcecode.swift; name = ListViewModel.swift; path = BBFication/Modules/Characters/ViewModel/ListViewModel.swift; sourceTree = SOURCE_ROOT; };
		2B98B26623AB8FC60010E7E1 /* CharacterMapper.swift */ = {isa = PBXFileReference; lastKnownFileType = sourcecode.swift; path = CharacterMapper.swift; sourceTree = "<group>"; };
		2B98B29423ACD1FD0010E7E1 /* Appearance.swift */ = {isa = PBXFileReference; lastKnownFileType = sourcecode.swift; name = Appearance.swift; path = BBFication/Models/Occupation/Appearance.swift; sourceTree = SOURCE_ROOT; };
		2B98B29623ACD2130010E7E1 /* Episode.swift */ = {isa = PBXFileReference; lastKnownFileType = sourcecode.swift; name = Episode.swift; path = BBFication/Models/Occupation/Episode.swift; sourceTree = SOURCE_ROOT; };
		2B98B29823ACD21E0010E7E1 /* Show.swift */ = {isa = PBXFileReference; lastKnownFileType = sourcecode.swift; name = Show.swift; path = BBFication/Models/Occupation/Show.swift; sourceTree = SOURCE_ROOT; };
		2B98B29A23ACD22F0010E7E1 /* Season.swift */ = {isa = PBXFileReference; lastKnownFileType = sourcecode.swift; name = Season.swift; path = BBFication/Models/Occupation/Season.swift; sourceTree = SOURCE_ROOT; };
		2B98B29C23AD3CE80010E7E1 /* fullPayload.json */ = {isa = PBXFileReference; lastKnownFileType = text.json; path = fullPayload.json; sourceTree = "<group>"; };
		2B98B29F23AD40090010E7E1 /* TestSuiteHelpers.swift */ = {isa = PBXFileReference; lastKnownFileType = sourcecode.swift; path = TestSuiteHelpers.swift; sourceTree = "<group>"; };
		2B98B2B823B7848F0010E7E1 /* ScreenFilterPredicateTests.swift */ = {isa = PBXFileReference; lastKnownFileType = sourcecode.swift; path = ScreenFilterPredicateTests.swift; sourceTree = "<group>"; };
		2B98B2BC23B7953A0010E7E1 /* Appearing.swift */ = {isa = PBXFileReference; lastKnownFileType = sourcecode.swift; path = Appearing.swift; sourceTree = "<group>"; };
		2B98B2C623B7AB7A0010E7E1 /* CharacterViewModelTests.swift */ = {isa = PBXFileReference; lastKnownFileType = sourcecode.swift; path = CharacterViewModelTests.swift; sourceTree = "<group>"; };
		2B98B2DE23B8F8070010E7E1 /* CharacterListViewModel.swift */ = {isa = PBXFileReference; lastKnownFileType = sourcecode.swift; path = CharacterListViewModel.swift; sourceTree = "<group>"; };
		2BF5BABC23A507910040ACA7 /* BBFication.app */ = {isa = PBXFileReference; explicitFileType = wrapper.application; includeInIndex = 0; path = BBFication.app; sourceTree = BUILT_PRODUCTS_DIR; };
		2BF5BABF23A507910040ACA7 /* AppDelegate.swift */ = {isa = PBXFileReference; lastKnownFileType = sourcecode.swift; path = AppDelegate.swift; sourceTree = "<group>"; };
		2BF5BAC123A507910040ACA7 /* SceneDelegate.swift */ = {isa = PBXFileReference; lastKnownFileType = sourcecode.swift; path = SceneDelegate.swift; sourceTree = "<group>"; };
		2BF5BAC323A507910040ACA7 /* ContentView.swift */ = {isa = PBXFileReference; lastKnownFileType = sourcecode.swift; path = ContentView.swift; sourceTree = "<group>"; };
		2BF5BAC523A507930040ACA7 /* Assets.xcassets */ = {isa = PBXFileReference; lastKnownFileType = folder.assetcatalog; path = Assets.xcassets; sourceTree = "<group>"; };
		2BF5BAC823A507930040ACA7 /* Preview Assets.xcassets */ = {isa = PBXFileReference; lastKnownFileType = folder.assetcatalog; path = "Preview Assets.xcassets"; sourceTree = "<group>"; };
		2BF5BACB23A507930040ACA7 /* Base */ = {isa = PBXFileReference; lastKnownFileType = file.storyboard; name = Base; path = Base.lproj/LaunchScreen.storyboard; sourceTree = "<group>"; };
		2BF5BACD23A507930040ACA7 /* Info.plist */ = {isa = PBXFileReference; lastKnownFileType = text.plist.xml; path = Info.plist; sourceTree = "<group>"; };
		2BF5BAD223A507940040ACA7 /* BBFicationTests.xctest */ = {isa = PBXFileReference; explicitFileType = wrapper.cfbundle; includeInIndex = 0; path = BBFicationTests.xctest; sourceTree = BUILT_PRODUCTS_DIR; };
		2BF5BAD623A507940040ACA7 /* BBFicationTests.swift */ = {isa = PBXFileReference; lastKnownFileType = sourcecode.swift; path = BBFicationTests.swift; sourceTree = "<group>"; };
		2BF5BAD823A507940040ACA7 /* Info.plist */ = {isa = PBXFileReference; lastKnownFileType = text.plist.xml; path = Info.plist; sourceTree = "<group>"; };
		2BF5BAE223AA32570040ACA7 /* BBModel.xcdatamodel */ = {isa = PBXFileReference; lastKnownFileType = wrapper.xcdatamodel; path = BBModel.xcdatamodel; sourceTree = "<group>"; };
		2BF5BAE623AA383B0040ACA7 /* SessionProtocols.swift */ = {isa = PBXFileReference; lastKnownFileType = sourcecode.swift; path = SessionProtocols.swift; sourceTree = "<group>"; };
		2BF5BAE823AA3B1E0040ACA7 /* DataManager.swift */ = {isa = PBXFileReference; lastKnownFileType = sourcecode.swift; path = DataManager.swift; sourceTree = "<group>"; };
		2BF5BAEB23AA3BC10040ACA7 /* Managed.swift */ = {isa = PBXFileReference; lastKnownFileType = sourcecode.swift; path = Managed.swift; sourceTree = "<group>"; };
		2BF5BAED23AA3BF10040ACA7 /* PersistenceManager.swift */ = {isa = PBXFileReference; lastKnownFileType = sourcecode.swift; path = PersistenceManager.swift; sourceTree = "<group>"; };
		2BF5BAEF23AA3C550040ACA7 /* PersistenceHelper.swift */ = {isa = PBXFileReference; lastKnownFileType = sourcecode.swift; path = PersistenceHelper.swift; sourceTree = "<group>"; };
/* End PBXFileReference section */

/* Begin PBXFrameworksBuildPhase section */
		2BF5BAB923A507910040ACA7 /* Frameworks */ = {
			isa = PBXFrameworksBuildPhase;
			buildActionMask = 2147483647;
			files = (
				2B0795AB23B945D500D90B4B /* URLImage in Frameworks */,
			);
			runOnlyForDeploymentPostprocessing = 0;
		};
		2BF5BACF23A507940040ACA7 /* Frameworks */ = {
			isa = PBXFrameworksBuildPhase;
			buildActionMask = 2147483647;
			files = (
				2B0D45E623AA7E32009EE438 /* Quick.framework in Frameworks */,
				2B0D45E523AA7E2C009EE438 /* Nimble.framework in Frameworks */,
			);
			runOnlyForDeploymentPostprocessing = 0;
		};
/* End PBXFrameworksBuildPhase section */

/* Begin PBXGroup section */
		2B0D459823AA74EA009EE438 /* Actor */ = {
			isa = PBXGroup;
			children = (
				2B0D459623AA710E009EE438 /* Actor.swift */,
			);
			path = Actor;
			sourceTree = "<group>";
		};
		2B0D459923AA74F6009EE438 /* Occupation */ = {
			isa = PBXGroup;
			children = (
				2B0D459423AA7103009EE438 /* Occupation.swift */,
			);
			path = Occupation;
			sourceTree = "<group>";
		};
		2B0D459A23AA7501009EE438 /* Character */ = {
			isa = PBXGroup;
			children = (
				2B0D459223AA70F3009EE438 /* Character.swift */,
				2B98B26623AB8FC60010E7E1 /* CharacterMapper.swift */,
			);
			path = Character;
			sourceTree = "<group>";
		};
		2B0D45A523AA771A009EE438 /* JSONMapping */ = {
			isa = PBXGroup;
			children = (
				2B0D45A123AA75C2009EE438 /* Mapped.swift */,
				2B0D45A323AA76FB009EE438 /* JSONMappingProtocol.swift */,
			);
			path = JSONMapping;
			sourceTree = "<group>";
		};
		2B0D45A723AA7DEE009EE438 /* Products */ = {
			isa = PBXGroup;
			children = (
				2B0D45B723AA7DEE009EE438 /* Quick.framework */,
				2B0D45B923AA7DEE009EE438 /* Quick - macOSTests.xctest */,
				2B0D45BB23AA7DEE009EE438 /* QuickFocused - macOSTests.xctest */,
				2B0D45BD23AA7DEE009EE438 /* QuickAfterSuite - macOSTests.xctest */,
				2B0D45BF23AA7DEE009EE438 /* Quick.framework */,
				2B0D45C123AA7DEE009EE438 /* Quick - iOSTests.xctest */,
				2B0D45C323AA7DEE009EE438 /* QuickFocused - iOSTests.xctest */,
				2B0D45C523AA7DEE009EE438 /* QuickAfterSuite - iOSTests.xctest */,
				2B0D45C723AA7DEE009EE438 /* Quick.framework */,
				2B0D45C923AA7DEE009EE438 /* Quick - tvOSTests.xctest */,
				2B0D45CB23AA7DEE009EE438 /* QuickFocused - tvOSTests.xctest */,
				2B0D45CD23AA7DEE009EE438 /* QuickAfterSuite - tvOSTests.xctest */,
			);
			name = Products;
			sourceTree = "<group>";
		};
		2B0D45CF23AA7DFD009EE438 /* Products */ = {
			isa = PBXGroup;
			children = (
				2B0D45D923AA7DFE009EE438 /* Nimble.framework */,
				2B0D45DB23AA7DFE009EE438 /* NimbleTests.xctest */,
				2B0D45DD23AA7DFE009EE438 /* Nimble.framework */,
				2B0D45DF23AA7DFE009EE438 /* NimbleTests.xctest */,
				2B0D45E123AA7DFE009EE438 /* Nimble.framework */,
				2B0D45E323AA7DFE009EE438 /* NimbleTests.xctest */,
			);
			name = Products;
			sourceTree = "<group>";
		};
		2B0D45E423AA7E2C009EE438 /* Frameworks */ = {
			isa = PBXGroup;
			children = (
			);
			name = Frameworks;
			sourceTree = "<group>";
		};
		2B0D45E723AA7E4E009EE438 /* Parsing */ = {
			isa = PBXGroup;
			children = (
				2B0D45E823AA7E75009EE438 /* CharacterTests.swift */,
			);
			path = Parsing;
			sourceTree = "<group>";
		};
		2B0D45EA23AA844C009EE438 /* TestAssets */ = {
			isa = PBXGroup;
			children = (
				2B98B29C23AD3CE80010E7E1 /* fullPayload.json */,
				2B13FB1723B2615400865A3A /* badPayload.json */,
			);
			path = TestAssets;
			sourceTree = "<group>";
		};
		2B13FB2D23B26BFB00865A3A /* Persistance */ = {
			isa = PBXGroup;
			children = (
				2B13FB3023B2811200865A3A /* CharacterPersistanceTests.swift */,
			);
			path = Persistance;
			sourceTree = "<group>";
		};
		2B26867123AC3E59004794DB /* Appearance */ = {
			isa = PBXGroup;
			children = (
				2B98B29423ACD1FD0010E7E1 /* Appearance.swift */,
				2B98B29623ACD2130010E7E1 /* Episode.swift */,
				2B98B29823ACD21E0010E7E1 /* Show.swift */,
				2B98B29A23ACD22F0010E7E1 /* Season.swift */,
			);
			path = Appearance;
			sourceTree = "<group>";
		};
		2B98B29E23AD3FE70010E7E1 /* Helpers */ = {
			isa = PBXGroup;
			children = (
				2B98B29F23AD40090010E7E1 /* TestSuiteHelpers.swift */,
			);
			path = Helpers;
			sourceTree = "<group>";
		};
		2B98B2A323B7845C0010E7E1 /* VCDataObjects */ = {
			isa = PBXGroup;
			children = (
				2B98B2B823B7848F0010E7E1 /* ScreenFilterPredicateTests.swift */,
			);
			path = VCDataObjects;
			sourceTree = "<group>";
		};
		2B98B2BA23B794FF0010E7E1 /* Modules */ = {
			isa = PBXGroup;
			children = (
				2B98B2BE23B7AA8A0010E7E1 /* Common */,
				2B98B2BB23B795080010E7E1 /* Characters */,
			);
			path = Modules;
			sourceTree = "<group>";
		};
		2B98B2BB23B795080010E7E1 /* Characters */ = {
			isa = PBXGroup;
			children = (
				2B98B2C023B7AAB40010E7E1 /* View */,
				2B98B2BF23B7AAA40010E7E1 /* ViewModel */,
			);
			path = Characters;
			sourceTree = "<group>";
		};
		2B98B2BE23B7AA8A0010E7E1 /* Common */ = {
			isa = PBXGroup;
			children = (
				2B98B2BC23B7953A0010E7E1 /* Appearing.swift */,
			);
			path = Common;
			sourceTree = "<group>";
		};
		2B98B2BF23B7AAA40010E7E1 /* ViewModel */ = {
			isa = PBXGroup;
			children = (
				2B3C934023B7D1D500E26450 /* ListViewModel.swift */,
				2B98B2DE23B8F8070010E7E1 /* CharacterListViewModel.swift */,
			);
			path = ViewModel;
			sourceTree = "<group>";
		};
		2B98B2C023B7AAB40010E7E1 /* View */ = {
			isa = PBXGroup;
			children = (
				2BF5BAC323A507910040ACA7 /* ContentView.swift */,
			);
			path = View;
			sourceTree = "<group>";
		};
		2B98B2C423B7AB520010E7E1 /* Modules */ = {
			isa = PBXGroup;
			children = (
				2B98B2C523B7AB5A0010E7E1 /* Character */,
			);
			path = Modules;
			sourceTree = "<group>";
		};
		2B98B2C523B7AB5A0010E7E1 /* Character */ = {
			isa = PBXGroup;
			children = (
				2B98B2C623B7AB7A0010E7E1 /* CharacterViewModelTests.swift */,
			);
			path = Character;
			sourceTree = "<group>";
		};
		2BF5BAB323A507910040ACA7 = {
			isa = PBXGroup;
			children = (
				2B0D45EB23AA894D009EE438 /* README.md */,
				2B0D45CE23AA7DFD009EE438 /* Nimble.xcodeproj */,
				2B0D45A623AA7DEE009EE438 /* Quick.xcodeproj */,
				2BF5BABE23A507910040ACA7 /* BBFication */,
				2BF5BAD523A507940040ACA7 /* BBFicationTests */,
				2BF5BABD23A507910040ACA7 /* Products */,
				2B0D45E423AA7E2C009EE438 /* Frameworks */,
			);
			sourceTree = "<group>";
		};
		2BF5BABD23A507910040ACA7 /* Products */ = {
			isa = PBXGroup;
			children = (
				2BF5BABC23A507910040ACA7 /* BBFication.app */,
				2BF5BAD223A507940040ACA7 /* BBFicationTests.xctest */,
			);
			name = Products;
			sourceTree = "<group>";
		};
		2BF5BABE23A507910040ACA7 /* BBFication */ = {
			isa = PBXGroup;
			children = (
				2B98B2BA23B794FF0010E7E1 /* Modules */,
				2BF5BAF123AA6B640040ACA7 /* Models */,
				2BF5BAEA23AA3B770040ACA7 /* Persistence */,
				2BF5BAE523AA38050040ACA7 /* Network */,
				2BF5BABF23A507910040ACA7 /* AppDelegate.swift */,
				2BF5BAC123A507910040ACA7 /* SceneDelegate.swift */,
				2BF5BAE423AA32630040ACA7 /* Data */,
				2BF5BAC523A507930040ACA7 /* Assets.xcassets */,
				2BF5BACA23A507930040ACA7 /* LaunchScreen.storyboard */,
				2BF5BACD23A507930040ACA7 /* Info.plist */,
				2BF5BAC723A507930040ACA7 /* Preview Content */,
			);
			path = BBFication;
			sourceTree = "<group>";
		};
		2BF5BAC723A507930040ACA7 /* Preview Content */ = {
			isa = PBXGroup;
			children = (
				2BF5BAC823A507930040ACA7 /* Preview Assets.xcassets */,
			);
			path = "Preview Content";
			sourceTree = "<group>";
		};
		2BF5BAD523A507940040ACA7 /* BBFicationTests */ = {
			isa = PBXGroup;
			children = (
				2B98B2C423B7AB520010E7E1 /* Modules */,
				2B98B2A323B7845C0010E7E1 /* VCDataObjects */,
				2B13FB2D23B26BFB00865A3A /* Persistance */,
				2B98B29E23AD3FE70010E7E1 /* Helpers */,
				2B0D45EA23AA844C009EE438 /* TestAssets */,
				2B0D45E723AA7E4E009EE438 /* Parsing */,
				2BF5BAD623A507940040ACA7 /* BBFicationTests.swift */,
				2BF5BAD823A507940040ACA7 /* Info.plist */,
			);
			path = BBFicationTests;
			sourceTree = "<group>";
		};
		2BF5BAE423AA32630040ACA7 /* Data */ = {
			isa = PBXGroup;
			children = (
				2BF5BAE123AA32570040ACA7 /* BBModel.xcdatamodeld */,
			);
			path = Data;
			sourceTree = "<group>";
		};
		2BF5BAE523AA38050040ACA7 /* Network */ = {
			isa = PBXGroup;
			children = (
				2BF5BAE623AA383B0040ACA7 /* SessionProtocols.swift */,
				2BF5BAE823AA3B1E0040ACA7 /* DataManager.swift */,
			);
			path = Network;
			sourceTree = "<group>";
		};
		2BF5BAEA23AA3B770040ACA7 /* Persistence */ = {
			isa = PBXGroup;
			children = (
				2BF5BAEB23AA3BC10040ACA7 /* Managed.swift */,
				2BF5BAED23AA3BF10040ACA7 /* PersistenceManager.swift */,
				2BF5BAEF23AA3C550040ACA7 /* PersistenceHelper.swift */,
				2B0D45A523AA771A009EE438 /* JSONMapping */,
			);
			path = Persistence;
			sourceTree = "<group>";
		};
		2BF5BAF123AA6B640040ACA7 /* Models */ = {
			isa = PBXGroup;
			children = (
				2B26867123AC3E59004794DB /* Appearance */,
				2B0D459A23AA7501009EE438 /* Character */,
				2B0D459923AA74F6009EE438 /* Occupation */,
				2B0D459823AA74EA009EE438 /* Actor */,
			);
			path = Models;
			sourceTree = "<group>";
		};
/* End PBXGroup section */

/* Begin PBXNativeTarget section */
		2BF5BABB23A507910040ACA7 /* BBFication */ = {
			isa = PBXNativeTarget;
			buildConfigurationList = 2BF5BADB23A507940040ACA7 /* Build configuration list for PBXNativeTarget "BBFication" */;
			buildPhases = (
				2BF5BAB823A507910040ACA7 /* Sources */,
				2BF5BAB923A507910040ACA7 /* Frameworks */,
				2BF5BABA23A507910040ACA7 /* Resources */,
			);
			buildRules = (
			);
			dependencies = (
			);
			name = BBFication;
			packageProductDependencies = (
				2B0795AA23B945D500D90B4B /* URLImage */,
			);
			productName = BBFication;
			productReference = 2BF5BABC23A507910040ACA7 /* BBFication.app */;
			productType = "com.apple.product-type.application";
		};
		2BF5BAD123A507940040ACA7 /* BBFicationTests */ = {
			isa = PBXNativeTarget;
			buildConfigurationList = 2BF5BADE23A507940040ACA7 /* Build configuration list for PBXNativeTarget "BBFicationTests" */;
			buildPhases = (
				2BF5BACE23A507940040ACA7 /* Sources */,
				2BF5BACF23A507940040ACA7 /* Frameworks */,
				2BF5BAD023A507940040ACA7 /* Resources */,
			);
			buildRules = (
			);
			dependencies = (
				2BF5BAD423A507940040ACA7 /* PBXTargetDependency */,
			);
			name = BBFicationTests;
			productName = BBFicationTests;
			productReference = 2BF5BAD223A507940040ACA7 /* BBFicationTests.xctest */;
			productType = "com.apple.product-type.bundle.unit-test";
		};
/* End PBXNativeTarget section */

/* Begin PBXProject section */
		2BF5BAB423A507910040ACA7 /* Project object */ = {
			isa = PBXProject;
			attributes = {
				LastSwiftUpdateCheck = 1130;
				LastUpgradeCheck = 1130;
				ORGANIZATIONNAME = "Tim Storey";
				TargetAttributes = {
					2BF5BABB23A507910040ACA7 = {
						CreatedOnToolsVersion = 11.3;
					};
					2BF5BAD123A507940040ACA7 = {
						CreatedOnToolsVersion = 11.3;
						TestTargetID = 2BF5BABB23A507910040ACA7;
					};
				};
			};
			buildConfigurationList = 2BF5BAB723A507910040ACA7 /* Build configuration list for PBXProject "BBFication" */;
			compatibilityVersion = "Xcode 9.3";
			developmentRegion = en;
			hasScannedForEncodings = 0;
			knownRegions = (
				en,
				Base,
			);
			mainGroup = 2BF5BAB323A507910040ACA7;
			packageReferences = (
				2B0795A923B945D500D90B4B /* XCRemoteSwiftPackageReference "url-image" */,
			);
			productRefGroup = 2BF5BABD23A507910040ACA7 /* Products */;
			projectDirPath = "";
			projectReferences = (
				{
					ProductGroup = 2B0D45CF23AA7DFD009EE438 /* Products */;
					ProjectRef = 2B0D45CE23AA7DFD009EE438 /* Nimble.xcodeproj */;
				},
				{
					ProductGroup = 2B0D45A723AA7DEE009EE438 /* Products */;
					ProjectRef = 2B0D45A623AA7DEE009EE438 /* Quick.xcodeproj */;
				},
			);
			projectRoot = "";
			targets = (
				2BF5BABB23A507910040ACA7 /* BBFication */,
				2BF5BAD123A507940040ACA7 /* BBFicationTests */,
			);
		};
/* End PBXProject section */

/* Begin PBXReferenceProxy section */
		2B0D45B723AA7DEE009EE438 /* Quick.framework */ = {
			isa = PBXReferenceProxy;
			fileType = wrapper.framework;
			path = Quick.framework;
			remoteRef = 2B0D45B623AA7DEE009EE438 /* PBXContainerItemProxy */;
			sourceTree = BUILT_PRODUCTS_DIR;
		};
		2B0D45B923AA7DEE009EE438 /* Quick - macOSTests.xctest */ = {
			isa = PBXReferenceProxy;
			fileType = wrapper.cfbundle;
			path = "Quick - macOSTests.xctest";
			remoteRef = 2B0D45B823AA7DEE009EE438 /* PBXContainerItemProxy */;
			sourceTree = BUILT_PRODUCTS_DIR;
		};
		2B0D45BB23AA7DEE009EE438 /* QuickFocused - macOSTests.xctest */ = {
			isa = PBXReferenceProxy;
			fileType = wrapper.cfbundle;
			path = "QuickFocused - macOSTests.xctest";
			remoteRef = 2B0D45BA23AA7DEE009EE438 /* PBXContainerItemProxy */;
			sourceTree = BUILT_PRODUCTS_DIR;
		};
		2B0D45BD23AA7DEE009EE438 /* QuickAfterSuite - macOSTests.xctest */ = {
			isa = PBXReferenceProxy;
			fileType = wrapper.cfbundle;
			path = "QuickAfterSuite - macOSTests.xctest";
			remoteRef = 2B0D45BC23AA7DEE009EE438 /* PBXContainerItemProxy */;
			sourceTree = BUILT_PRODUCTS_DIR;
		};
		2B0D45BF23AA7DEE009EE438 /* Quick.framework */ = {
			isa = PBXReferenceProxy;
			fileType = wrapper.framework;
			path = Quick.framework;
			remoteRef = 2B0D45BE23AA7DEE009EE438 /* PBXContainerItemProxy */;
			sourceTree = BUILT_PRODUCTS_DIR;
		};
		2B0D45C123AA7DEE009EE438 /* Quick - iOSTests.xctest */ = {
			isa = PBXReferenceProxy;
			fileType = wrapper.cfbundle;
			path = "Quick - iOSTests.xctest";
			remoteRef = 2B0D45C023AA7DEE009EE438 /* PBXContainerItemProxy */;
			sourceTree = BUILT_PRODUCTS_DIR;
		};
		2B0D45C323AA7DEE009EE438 /* QuickFocused - iOSTests.xctest */ = {
			isa = PBXReferenceProxy;
			fileType = wrapper.cfbundle;
			path = "QuickFocused - iOSTests.xctest";
			remoteRef = 2B0D45C223AA7DEE009EE438 /* PBXContainerItemProxy */;
			sourceTree = BUILT_PRODUCTS_DIR;
		};
		2B0D45C523AA7DEE009EE438 /* QuickAfterSuite - iOSTests.xctest */ = {
			isa = PBXReferenceProxy;
			fileType = wrapper.cfbundle;
			path = "QuickAfterSuite - iOSTests.xctest";
			remoteRef = 2B0D45C423AA7DEE009EE438 /* PBXContainerItemProxy */;
			sourceTree = BUILT_PRODUCTS_DIR;
		};
		2B0D45C723AA7DEE009EE438 /* Quick.framework */ = {
			isa = PBXReferenceProxy;
			fileType = wrapper.framework;
			path = Quick.framework;
			remoteRef = 2B0D45C623AA7DEE009EE438 /* PBXContainerItemProxy */;
			sourceTree = BUILT_PRODUCTS_DIR;
		};
		2B0D45C923AA7DEE009EE438 /* Quick - tvOSTests.xctest */ = {
			isa = PBXReferenceProxy;
			fileType = wrapper.cfbundle;
			path = "Quick - tvOSTests.xctest";
			remoteRef = 2B0D45C823AA7DEE009EE438 /* PBXContainerItemProxy */;
			sourceTree = BUILT_PRODUCTS_DIR;
		};
		2B0D45CB23AA7DEE009EE438 /* QuickFocused - tvOSTests.xctest */ = {
			isa = PBXReferenceProxy;
			fileType = wrapper.cfbundle;
			path = "QuickFocused - tvOSTests.xctest";
			remoteRef = 2B0D45CA23AA7DEE009EE438 /* PBXContainerItemProxy */;
			sourceTree = BUILT_PRODUCTS_DIR;
		};
		2B0D45CD23AA7DEE009EE438 /* QuickAfterSuite - tvOSTests.xctest */ = {
			isa = PBXReferenceProxy;
			fileType = wrapper.cfbundle;
			path = "QuickAfterSuite - tvOSTests.xctest";
			remoteRef = 2B0D45CC23AA7DEE009EE438 /* PBXContainerItemProxy */;
			sourceTree = BUILT_PRODUCTS_DIR;
		};
		2B0D45D923AA7DFE009EE438 /* Nimble.framework */ = {
			isa = PBXReferenceProxy;
			fileType = wrapper.framework;
			path = Nimble.framework;
			remoteRef = 2B0D45D823AA7DFE009EE438 /* PBXContainerItemProxy */;
			sourceTree = BUILT_PRODUCTS_DIR;
		};
		2B0D45DB23AA7DFE009EE438 /* NimbleTests.xctest */ = {
			isa = PBXReferenceProxy;
			fileType = wrapper.cfbundle;
			path = NimbleTests.xctest;
			remoteRef = 2B0D45DA23AA7DFE009EE438 /* PBXContainerItemProxy */;
			sourceTree = BUILT_PRODUCTS_DIR;
		};
		2B0D45DD23AA7DFE009EE438 /* Nimble.framework */ = {
			isa = PBXReferenceProxy;
			fileType = wrapper.framework;
			path = Nimble.framework;
			remoteRef = 2B0D45DC23AA7DFE009EE438 /* PBXContainerItemProxy */;
			sourceTree = BUILT_PRODUCTS_DIR;
		};
		2B0D45DF23AA7DFE009EE438 /* NimbleTests.xctest */ = {
			isa = PBXReferenceProxy;
			fileType = wrapper.cfbundle;
			path = NimbleTests.xctest;
			remoteRef = 2B0D45DE23AA7DFE009EE438 /* PBXContainerItemProxy */;
			sourceTree = BUILT_PRODUCTS_DIR;
		};
		2B0D45E123AA7DFE009EE438 /* Nimble.framework */ = {
			isa = PBXReferenceProxy;
			fileType = wrapper.framework;
			path = Nimble.framework;
			remoteRef = 2B0D45E023AA7DFE009EE438 /* PBXContainerItemProxy */;
			sourceTree = BUILT_PRODUCTS_DIR;
		};
		2B0D45E323AA7DFE009EE438 /* NimbleTests.xctest */ = {
			isa = PBXReferenceProxy;
			fileType = wrapper.cfbundle;
			path = NimbleTests.xctest;
			remoteRef = 2B0D45E223AA7DFE009EE438 /* PBXContainerItemProxy */;
			sourceTree = BUILT_PRODUCTS_DIR;
		};
/* End PBXReferenceProxy section */

/* Begin PBXResourcesBuildPhase section */
		2BF5BABA23A507910040ACA7 /* Resources */ = {
			isa = PBXResourcesBuildPhase;
			buildActionMask = 2147483647;
			files = (
				2BF5BACC23A507930040ACA7 /* LaunchScreen.storyboard in Resources */,
				2BF5BAC923A507930040ACA7 /* Preview Assets.xcassets in Resources */,
				2BF5BAC623A507930040ACA7 /* Assets.xcassets in Resources */,
			);
			runOnlyForDeploymentPostprocessing = 0;
		};
		2BF5BAD023A507940040ACA7 /* Resources */ = {
			isa = PBXResourcesBuildPhase;
			buildActionMask = 2147483647;
			files = (
				2B13FB1823B2615400865A3A /* badPayload.json in Resources */,
				2B98B29D23AD3CE80010E7E1 /* fullPayload.json in Resources */,
			);
			runOnlyForDeploymentPostprocessing = 0;
		};
/* End PBXResourcesBuildPhase section */

/* Begin PBXSourcesBuildPhase section */
		2BF5BAB823A507910040ACA7 /* Sources */ = {
			isa = PBXSourcesBuildPhase;
			buildActionMask = 2147483647;
			files = (
				2B98B29723ACD2130010E7E1 /* Episode.swift in Sources */,
				2B98B2BD23B7953A0010E7E1 /* Appearing.swift in Sources */,
				2B98B29523ACD1FD0010E7E1 /* Appearance.swift in Sources */,
				2BF5BAC023A507910040ACA7 /* AppDelegate.swift in Sources */,
				2BF5BAE923AA3B1E0040ACA7 /* DataManager.swift in Sources */,
				2BF5BAE723AA383B0040ACA7 /* SessionProtocols.swift in Sources */,
				2B0D45A223AA75C2009EE438 /* Mapped.swift in Sources */,
				2BF5BAEE23AA3BF10040ACA7 /* PersistenceManager.swift in Sources */,
				2B0D459523AA7103009EE438 /* Occupation.swift in Sources */,
				2B98B26723AB8FC60010E7E1 /* CharacterMapper.swift in Sources */,
				2B0D45A423AA76FB009EE438 /* JSONMappingProtocol.swift in Sources */,
				2BF5BAE323AA32570040ACA7 /* BBModel.xcdatamodeld in Sources */,
				2B98B2DF23B8F8070010E7E1 /* CharacterListViewModel.swift in Sources */,
				2B0D459323AA70F3009EE438 /* Character.swift in Sources */,
				2BF5BAEC23AA3BC10040ACA7 /* Managed.swift in Sources */,
				2BF5BAC223A507910040ACA7 /* SceneDelegate.swift in Sources */,
				2BF5BAF023AA3C550040ACA7 /* PersistenceHelper.swift in Sources */,
				2BF5BAC423A507910040ACA7 /* ContentView.swift in Sources */,
				2B98B29923ACD21E0010E7E1 /* Show.swift in Sources */,
				2B3C934123B7D1D500E26450 /* ListViewModel.swift in Sources */,
				2B98B29B23ACD22F0010E7E1 /* Season.swift in Sources */,
				2B0D459723AA710E009EE438 /* Actor.swift in Sources */,
			);
			runOnlyForDeploymentPostprocessing = 0;
		};
		2BF5BACE23A507940040ACA7 /* Sources */ = {
			isa = PBXSourcesBuildPhase;
			buildActionMask = 2147483647;
			files = (
				2BF5BAD723A507940040ACA7 /* BBFicationTests.swift in Sources */,
				2B0D45E923AA7E75009EE438 /* CharacterTests.swift in Sources */,
				2B98B2C723B7AB7A0010E7E1 /* CharacterViewModelTests.swift in Sources */,
				2B98B2B923B7848F0010E7E1 /* ScreenFilterPredicateTests.swift in Sources */,
				2B98B2A023AD40090010E7E1 /* TestSuiteHelpers.swift in Sources */,
				2B13FB3123B2811200865A3A /* CharacterPersistanceTests.swift in Sources */,
			);
			runOnlyForDeploymentPostprocessing = 0;
		};
/* End PBXSourcesBuildPhase section */

/* Begin PBXTargetDependency section */
		2BF5BAD423A507940040ACA7 /* PBXTargetDependency */ = {
			isa = PBXTargetDependency;
			target = 2BF5BABB23A507910040ACA7 /* BBFication */;
			targetProxy = 2BF5BAD323A507940040ACA7 /* PBXContainerItemProxy */;
		};
/* End PBXTargetDependency section */

/* Begin PBXVariantGroup section */
		2BF5BACA23A507930040ACA7 /* LaunchScreen.storyboard */ = {
			isa = PBXVariantGroup;
			children = (
				2BF5BACB23A507930040ACA7 /* Base */,
			);
			name = LaunchScreen.storyboard;
			sourceTree = "<group>";
		};
/* End PBXVariantGroup section */

/* Begin XCBuildConfiguration section */
		2BF5BAD923A507940040ACA7 /* Debug */ = {
			isa = XCBuildConfiguration;
			buildSettings = {
				ALWAYS_SEARCH_USER_PATHS = NO;
				CLANG_ANALYZER_NONNULL = YES;
				CLANG_ANALYZER_NUMBER_OBJECT_CONVERSION = YES_AGGRESSIVE;
				CLANG_CXX_LANGUAGE_STANDARD = "gnu++14";
				CLANG_CXX_LIBRARY = "libc++";
				CLANG_ENABLE_MODULES = YES;
				CLANG_ENABLE_OBJC_ARC = YES;
				CLANG_ENABLE_OBJC_WEAK = YES;
				CLANG_WARN_BLOCK_CAPTURE_AUTORELEASING = YES;
				CLANG_WARN_BOOL_CONVERSION = YES;
				CLANG_WARN_COMMA = YES;
				CLANG_WARN_CONSTANT_CONVERSION = YES;
				CLANG_WARN_DEPRECATED_OBJC_IMPLEMENTATIONS = YES;
				CLANG_WARN_DIRECT_OBJC_ISA_USAGE = YES_ERROR;
				CLANG_WARN_DOCUMENTATION_COMMENTS = YES;
				CLANG_WARN_EMPTY_BODY = YES;
				CLANG_WARN_ENUM_CONVERSION = YES;
				CLANG_WARN_INFINITE_RECURSION = YES;
				CLANG_WARN_INT_CONVERSION = YES;
				CLANG_WARN_NON_LITERAL_NULL_CONVERSION = YES;
				CLANG_WARN_OBJC_IMPLICIT_RETAIN_SELF = YES;
				CLANG_WARN_OBJC_LITERAL_CONVERSION = YES;
				CLANG_WARN_OBJC_ROOT_CLASS = YES_ERROR;
				CLANG_WARN_RANGE_LOOP_ANALYSIS = YES;
				CLANG_WARN_STRICT_PROTOTYPES = YES;
				CLANG_WARN_SUSPICIOUS_MOVE = YES;
				CLANG_WARN_UNGUARDED_AVAILABILITY = YES_AGGRESSIVE;
				CLANG_WARN_UNREACHABLE_CODE = YES;
				CLANG_WARN__DUPLICATE_METHOD_MATCH = YES;
				COPY_PHASE_STRIP = NO;
				DEBUG_INFORMATION_FORMAT = dwarf;
				ENABLE_STRICT_OBJC_MSGSEND = YES;
				ENABLE_TESTABILITY = YES;
				GCC_C_LANGUAGE_STANDARD = gnu11;
				GCC_DYNAMIC_NO_PIC = NO;
				GCC_NO_COMMON_BLOCKS = YES;
				GCC_OPTIMIZATION_LEVEL = 0;
				GCC_PREPROCESSOR_DEFINITIONS = (
					"DEBUG=1",
					"$(inherited)",
				);
				GCC_WARN_64_TO_32_BIT_CONVERSION = YES;
				GCC_WARN_ABOUT_RETURN_TYPE = YES_ERROR;
				GCC_WARN_UNDECLARED_SELECTOR = YES;
				GCC_WARN_UNINITIALIZED_AUTOS = YES_AGGRESSIVE;
				GCC_WARN_UNUSED_FUNCTION = YES;
				GCC_WARN_UNUSED_VARIABLE = YES;
				IPHONEOS_DEPLOYMENT_TARGET = 13.0;
				MTL_ENABLE_DEBUG_INFO = INCLUDE_SOURCE;
				MTL_FAST_MATH = YES;
				ONLY_ACTIVE_ARCH = YES;
				SDKROOT = iphoneos;
				SWIFT_ACTIVE_COMPILATION_CONDITIONS = DEBUG;
				SWIFT_OPTIMIZATION_LEVEL = "-Onone";
			};
			name = Debug;
		};
		2BF5BADA23A507940040ACA7 /* Release */ = {
			isa = XCBuildConfiguration;
			buildSettings = {
				ALWAYS_SEARCH_USER_PATHS = NO;
				CLANG_ANALYZER_NONNULL = YES;
				CLANG_ANALYZER_NUMBER_OBJECT_CONVERSION = YES_AGGRESSIVE;
				CLANG_CXX_LANGUAGE_STANDARD = "gnu++14";
				CLANG_CXX_LIBRARY = "libc++";
				CLANG_ENABLE_MODULES = YES;
				CLANG_ENABLE_OBJC_ARC = YES;
				CLANG_ENABLE_OBJC_WEAK = YES;
				CLANG_WARN_BLOCK_CAPTURE_AUTORELEASING = YES;
				CLANG_WARN_BOOL_CONVERSION = YES;
				CLANG_WARN_COMMA = YES;
				CLANG_WARN_CONSTANT_CONVERSION = YES;
				CLANG_WARN_DEPRECATED_OBJC_IMPLEMENTATIONS = YES;
				CLANG_WARN_DIRECT_OBJC_ISA_USAGE = YES_ERROR;
				CLANG_WARN_DOCUMENTATION_COMMENTS = YES;
				CLANG_WARN_EMPTY_BODY = YES;
				CLANG_WARN_ENUM_CONVERSION = YES;
				CLANG_WARN_INFINITE_RECURSION = YES;
				CLANG_WARN_INT_CONVERSION = YES;
				CLANG_WARN_NON_LITERAL_NULL_CONVERSION = YES;
				CLANG_WARN_OBJC_IMPLICIT_RETAIN_SELF = YES;
				CLANG_WARN_OBJC_LITERAL_CONVERSION = YES;
				CLANG_WARN_OBJC_ROOT_CLASS = YES_ERROR;
				CLANG_WARN_RANGE_LOOP_ANALYSIS = YES;
				CLANG_WARN_STRICT_PROTOTYPES = YES;
				CLANG_WARN_SUSPICIOUS_MOVE = YES;
				CLANG_WARN_UNGUARDED_AVAILABILITY = YES_AGGRESSIVE;
				CLANG_WARN_UNREACHABLE_CODE = YES;
				CLANG_WARN__DUPLICATE_METHOD_MATCH = YES;
				COPY_PHASE_STRIP = NO;
				DEBUG_INFORMATION_FORMAT = "dwarf-with-dsym";
				ENABLE_NS_ASSERTIONS = NO;
				ENABLE_STRICT_OBJC_MSGSEND = YES;
				GCC_C_LANGUAGE_STANDARD = gnu11;
				GCC_NO_COMMON_BLOCKS = YES;
				GCC_WARN_64_TO_32_BIT_CONVERSION = YES;
				GCC_WARN_ABOUT_RETURN_TYPE = YES_ERROR;
				GCC_WARN_UNDECLARED_SELECTOR = YES;
				GCC_WARN_UNINITIALIZED_AUTOS = YES_AGGRESSIVE;
				GCC_WARN_UNUSED_FUNCTION = YES;
				GCC_WARN_UNUSED_VARIABLE = YES;
				IPHONEOS_DEPLOYMENT_TARGET = 13.0;
				MTL_ENABLE_DEBUG_INFO = NO;
				MTL_FAST_MATH = YES;
				SDKROOT = iphoneos;
				SWIFT_COMPILATION_MODE = wholemodule;
				SWIFT_OPTIMIZATION_LEVEL = "-O";
				VALIDATE_PRODUCT = YES;
			};
			name = Release;
		};
		2BF5BADC23A507940040ACA7 /* Debug */ = {
			isa = XCBuildConfiguration;
			buildSettings = {
				ASSETCATALOG_COMPILER_APPICON_NAME = AppIcon;
				CODE_SIGN_STYLE = Automatic;
				DEVELOPMENT_ASSET_PATHS = "\"BBFication/Preview Content\"";
				DEVELOPMENT_TEAM = QBJML82M5H;
				ENABLE_PREVIEWS = YES;
				INFOPLIST_FILE = BBFication/Info.plist;
				LD_RUNPATH_SEARCH_PATHS = (
					"$(inherited)",
					"@executable_path/Frameworks",
				);
				PRODUCT_BUNDLE_IDENTIFIER = "com.BITE-Software.BBFication";
				PRODUCT_NAME = "$(TARGET_NAME)";
				SWIFT_VERSION = 5.0;
				TARGETED_DEVICE_FAMILY = "1,2";
			};
			name = Debug;
		};
		2BF5BADD23A507940040ACA7 /* Release */ = {
			isa = XCBuildConfiguration;
			buildSettings = {
				ASSETCATALOG_COMPILER_APPICON_NAME = AppIcon;
				CODE_SIGN_STYLE = Automatic;
				DEVELOPMENT_ASSET_PATHS = "\"BBFication/Preview Content\"";
				DEVELOPMENT_TEAM = QBJML82M5H;
				ENABLE_PREVIEWS = YES;
				INFOPLIST_FILE = BBFication/Info.plist;
				LD_RUNPATH_SEARCH_PATHS = (
					"$(inherited)",
					"@executable_path/Frameworks",
				);
				PRODUCT_BUNDLE_IDENTIFIER = "com.BITE-Software.BBFication";
				PRODUCT_NAME = "$(TARGET_NAME)";
				SWIFT_VERSION = 5.0;
				TARGETED_DEVICE_FAMILY = "1,2";
			};
			name = Release;
		};
		2BF5BADF23A507940040ACA7 /* Debug */ = {
			isa = XCBuildConfiguration;
			buildSettings = {
				ALWAYS_EMBED_SWIFT_STANDARD_LIBRARIES = YES;
				BUNDLE_LOADER = "$(TEST_HOST)";
				CODE_SIGN_STYLE = Automatic;
				DEVELOPMENT_TEAM = QBJML82M5H;
				INFOPLIST_FILE = BBFicationTests/Info.plist;
				IPHONEOS_DEPLOYMENT_TARGET = 13.0;
				LD_RUNPATH_SEARCH_PATHS = (
					"$(inherited)",
					"@executable_path/Frameworks",
					"@loader_path/Frameworks",
				);
				PRODUCT_BUNDLE_IDENTIFIER = "com.BITE-Software.BBFicationTests";
				PRODUCT_NAME = "$(TARGET_NAME)";
				SWIFT_VERSION = 5.0;
				TARGETED_DEVICE_FAMILY = "1,2";
				TEST_HOST = "$(BUILT_PRODUCTS_DIR)/BBFication.app/BBFication";
			};
			name = Debug;
		};
		2BF5BAE023A507940040ACA7 /* Release */ = {
			isa = XCBuildConfiguration;
			buildSettings = {
				ALWAYS_EMBED_SWIFT_STANDARD_LIBRARIES = YES;
				BUNDLE_LOADER = "$(TEST_HOST)";
				CODE_SIGN_STYLE = Automatic;
				DEVELOPMENT_TEAM = QBJML82M5H;
				INFOPLIST_FILE = BBFicationTests/Info.plist;
				IPHONEOS_DEPLOYMENT_TARGET = 13.0;
				LD_RUNPATH_SEARCH_PATHS = (
					"$(inherited)",
					"@executable_path/Frameworks",
					"@loader_path/Frameworks",
				);
				PRODUCT_BUNDLE_IDENTIFIER = "com.BITE-Software.BBFicationTests";
				PRODUCT_NAME = "$(TARGET_NAME)";
				SWIFT_VERSION = 5.0;
				TARGETED_DEVICE_FAMILY = "1,2";
				TEST_HOST = "$(BUILT_PRODUCTS_DIR)/BBFication.app/BBFication";
			};
			name = Release;
		};
/* End XCBuildConfiguration section */

/* Begin XCConfigurationList section */
		2BF5BAB723A507910040ACA7 /* Build configuration list for PBXProject "BBFication" */ = {
			isa = XCConfigurationList;
			buildConfigurations = (
				2BF5BAD923A507940040ACA7 /* Debug */,
				2BF5BADA23A507940040ACA7 /* Release */,
			);
			defaultConfigurationIsVisible = 0;
			defaultConfigurationName = Release;
		};
		2BF5BADB23A507940040ACA7 /* Build configuration list for PBXNativeTarget "BBFication" */ = {
			isa = XCConfigurationList;
			buildConfigurations = (
				2BF5BADC23A507940040ACA7 /* Debug */,
				2BF5BADD23A507940040ACA7 /* Release */,
			);
			defaultConfigurationIsVisible = 0;
			defaultConfigurationName = Release;
		};
		2BF5BADE23A507940040ACA7 /* Build configuration list for PBXNativeTarget "BBFicationTests" */ = {
			isa = XCConfigurationList;
			buildConfigurations = (
				2BF5BADF23A507940040ACA7 /* Debug */,
				2BF5BAE023A507940040ACA7 /* Release */,
			);
			defaultConfigurationIsVisible = 0;
			defaultConfigurationName = Release;
		};
/* End XCConfigurationList section */

/* Begin XCRemoteSwiftPackageReference section */
		2B0795A923B945D500D90B4B /* XCRemoteSwiftPackageReference "url-image" */ = {
			isa = XCRemoteSwiftPackageReference;
			repositoryURL = "https://github.com/dmytro-anokhin/url-image.git";
			requirement = {
				kind = upToNextMajorVersion;
				minimumVersion = 0.9.9;
			};
		};
/* End XCRemoteSwiftPackageReference section */

/* Begin XCSwiftPackageProductDependency section */
		2B0795AA23B945D500D90B4B /* URLImage */ = {
			isa = XCSwiftPackageProductDependency;
			package = 2B0795A923B945D500D90B4B /* XCRemoteSwiftPackageReference "url-image" */;
			productName = URLImage;
		};
/* End XCSwiftPackageProductDependency section */

/* Begin XCVersionGroup section */
		2BF5BAE123AA32570040ACA7 /* BBModel.xcdatamodeld */ = {
			isa = XCVersionGroup;
			children = (
				2BF5BAE223AA32570040ACA7 /* BBModel.xcdatamodel */,
			);
			currentVersion = 2BF5BAE223AA32570040ACA7 /* BBModel.xcdatamodel */;
			path = BBModel.xcdatamodeld;
			sourceTree = "<group>";
			versionGroupType = wrapper.xcdatamodel;
		};
/* End XCVersionGroup section */
	};
	rootObject = 2BF5BAB423A507910040ACA7 /* Project object */;
}
